# Exact development additions resolved from a clean Python 3.9 installation.
# Install runtime first through this included lock, then the pinned tools below.
-r runtime-py39.lock
coverage==7.10.7
librt==0.16.0
mypy==1.19.1
mypy_extensions==1.1.0
pathspec==1.1.1
ruff==0.16.10
tomli==2.4.1
types-PyYAML==6.0.12.20250915
typing_extensions==4.16.0
